
Microsoft Visual Studio Solution File, Format Version 12.00
# Visual Studio Version 17
VisualStudioVersion = 17.14.36109.1 d17.14
MinimumVisualStudioVersion = 10.0.40219.1
Project("{FAE04EC0-301F-11D3-BF4B-00C04F79EFBC}") = "EOQ Project Work", "EOQ Project Work\EOQ Project Work.csproj", "{F4F2FC28-92E1-4183-81AE-796D9B69D48D}"
EndProject
Global
	GlobalSection(SolutionConfigurationPlatforms) = preSolution
		Debug|Any CPU = Debug|Any CPU
		Release|Any CPU = Release|Any CPU
	EndGlobalSection
	GlobalSection(ProjectConfigurationPlatforms) = postSolution
		{F4F2FC28-92E1-4183-81AE-796D9B69D48D}.Debug|Any CPU.ActiveCfg = Debug|Any CPU
		{F4F2FC28-92E1-4183-81AE-796D9B69D48D}.Debug|Any CPU.Build.0 = Debug|Any CPU
		{F4F2FC28-92E1-4183-81AE-796D9B69D48D}.Release|Any CPU.ActiveCfg = Release|Any CPU
		{F4F2FC28-92E1-4183-81AE-796D9B69D48D}.Release|Any CPU.Build.0 = Release|Any CPU
	EndGlobalSection
	GlobalSection(SolutionProperties) = preSolution
		HideSolutionNode = FALSE
	EndGlobalSection
	GlobalSection(ExtensibilityGlobals) = postSolution
		SolutionGuid = {E86E5FAC-6104-4A60-8FFB-05BDBA5149E8}
	EndGlobalSection
EndGlobal
